// !$*UTF8*$!
{
	archiveVersion = 1;
	classes = {
	};
	objectVersion = 48;
	objects = {

/* Begin PBXBuildFile section */
		462943F020D151610098D1F9 /* AppDelegate.swift in Sources */ = {isa = PBXBuildFile; fileRef = 462943EF20D151610098D1F9 /* AppDelegate.swift */; };
		462943F520D151610098D1F9 /* Main.storyboard in Resources */ = {isa = PBXBuildFile; fileRef = 462943F320D151610098D1F9 /* Main.storyboard */; };
		462943F720D151610098D1F9 /* Assets.xcassets in Resources */ = {isa = PBXBuildFile; fileRef = 462943F620D151610098D1F9 /* Assets.xcassets */; };
		462943FA20D151610098D1F9 /* LaunchScreen.storyboard in Resources */ = {isa = PBXBuildFile; fileRef = 462943F820D151610098D1F9 /* LaunchScreen.storyboard */; };
		4629440620D151970098D1F9 /* OABoardViewController.swift in Sources */ = {isa = PBXBuildFile; fileRef = 4629440420D151970098D1F9 /* OABoardViewController.swift */; };
		4629440720D151970098D1F9 /* ViewController.swift in Sources */ = {isa = PBXBuildFile; fileRef = 4629440520D151970098D1F9 /* ViewController.swift */; };
		4629440A20D1519A0098D1F9 /* RequestTool.swift in Sources */ = {isa = PBXBuildFile; fileRef = 4629440920D1519A0098D1F9 /* RequestTool.swift */; };
		464057CF20D28E20009240FC /* OABoardBranchInfoManager.swift in Sources */ = {isa = PBXBuildFile; fileRef = 464057CE20D28E20009240FC /* OABoardBranchInfoManager.swift */; };
		464057D220D28E3C009240FC /* DefineTool.swift in Sources */ = {isa = PBXBuildFile; fileRef = 464057D120D28E3C009240FC /* DefineTool.swift */; };
		464057D520D29014009240FC /* BoardUI.bundle in Resources */ = {isa = PBXBuildFile; fileRef = 464057D420D29014009240FC /* BoardUI.bundle */; };
		464057D720D2A966009240FC /* BoardModel.swift in Sources */ = {isa = PBXBuildFile; fileRef = 464057D620D2A966009240FC /* BoardModel.swift */; };
		464057D920D2A978009240FC /* BoardInfoModel.swift in Sources */ = {isa = PBXBuildFile; fileRef = 464057D820D2A978009240FC /* BoardInfoModel.swift */; };
		940279A320D3BC7000578F08 /* BoardGBRankViewController.swift in Sources */ = {isa = PBXBuildFile; fileRef = 940279A220D3BC7000578F08 /* BoardGBRankViewController.swift */; };
		940279A520D3BC7E00578F08 /* BoardProductMixViewController.swift in Sources */ = {isa = PBXBuildFile; fileRef = 940279A420D3BC7E00578F08 /* BoardProductMixViewController.swift */; };
		9442B58920D365BA006DA2A3 /* BoardTableViewCell.swift in Sources */ = {isa = PBXBuildFile; fileRef = 9442B58820D365BA006DA2A3 /* BoardTableViewCell.swift */; };
		9442B58B20D3ADA2006DA2A3 /* BoardSwitchOrganViewController.swift in Sources */ = {isa = PBXBuildFile; fileRef = 9442B58A20D3ADA2006DA2A3 /* BoardSwitchOrganViewController.swift */; };
		A3D06DC46FE8B678E134ACDA /* Pods_BoardModule.framework in Frameworks */ = {isa = PBXBuildFile; fileRef = 051978ED39765F771C04BC1F /* Pods_BoardModule.framework */; };
/* End PBXBuildFile section */

/* Begin PBXFileReference section */
		051978ED39765F771C04BC1F /* Pods_BoardModule.framework */ = {isa = PBXFileReference; explicitFileType = wrapper.framework; includeInIndex = 0; path = Pods_BoardModule.framework; sourceTree = BUILT_PRODUCTS_DIR; };
		11C52AB52AE62377253E06E0 /* Pods-BoardModule.release.xcconfig */ = {isa = PBXFileReference; includeInIndex = 1; lastKnownFileType = text.xcconfig; name = "Pods-BoardModule.release.xcconfig"; path = "Pods/Target Support Files/Pods-BoardModule/Pods-BoardModule.release.xcconfig"; sourceTree = "<group>"; };
		35D1EFA149325E5D7555FA2B /* Pods-BoardModule.debug.xcconfig */ = {isa = PBXFileReference; includeInIndex = 1; lastKnownFileType = text.xcconfig; name = "Pods-BoardModule.debug.xcconfig"; path = "Pods/Target Support Files/Pods-BoardModule/Pods-BoardModule.debug.xcconfig"; sourceTree = "<group>"; };
		462943EC20D151610098D1F9 /* BoardModule.app */ = {isa = PBXFileReference; explicitFileType = wrapper.application; includeInIndex = 0; path = BoardModule.app; sourceTree = BUILT_PRODUCTS_DIR; };
		462943EF20D151610098D1F9 /* AppDelegate.swift */ = {isa = PBXFileReference; lastKnownFileType = sourcecode.swift; path = AppDelegate.swift; sourceTree = "<group>"; };
		462943F420D151610098D1F9 /* Base */ = {isa = PBXFileReference; lastKnownFileType = file.storyboard; name = Base; path = Base.lproj/Main.storyboard; sourceTree = "<group>"; };
		462943F620D151610098D1F9 /* Assets.xcassets */ = {isa = PBXFileReference; lastKnownFileType = folder.assetcatalog; path = Assets.xcassets; sourceTree = "<group>"; };
		462943F920D151610098D1F9 /* Base */ = {isa = PBXFileReference; lastKnownFileType = file.storyboard; name = Base; path = Base.lproj/LaunchScreen.storyboard; sourceTree = "<group>"; };
		462943FB20D151610098D1F9 /* Info.plist */ = {isa = PBXFileReference; lastKnownFileType = text.plist.xml; path = Info.plist; sourceTree = "<group>"; };
		4629440420D151970098D1F9 /* OABoardViewController.swift */ = {isa = PBXFileReference; fileEncoding = 4; lastKnownFileType = sourcecode.swift; path = OABoardViewController.swift; sourceTree = "<group>"; };
		4629440520D151970098D1F9 /* ViewController.swift */ = {isa = PBXFileReference; fileEncoding = 4; lastKnownFileType = sourcecode.swift; path = ViewController.swift; sourceTree = "<group>"; };
		4629440920D1519A0098D1F9 /* RequestTool.swift */ = {isa = PBXFileReference; fileEncoding = 4; lastKnownFileType = sourcecode.swift; path = RequestTool.swift; sourceTree = "<group>"; };
		464057CE20D28E20009240FC /* OABoardBranchInfoManager.swift */ = {isa = PBXFileReference; fileEncoding = 4; lastKnownFileType = sourcecode.swift; path = OABoardBranchInfoManager.swift; sourceTree = "<group>"; };
		464057D120D28E3C009240FC /* DefineTool.swift */ = {isa = PBXFileReference; fileEncoding = 4; lastKnownFileType = sourcecode.swift; path = DefineTool.swift; sourceTree = "<group>"; };
		464057D420D29014009240FC /* BoardUI.bundle */ = {isa = PBXFileReference; lastKnownFileType = "wrapper.plug-in"; path = BoardUI.bundle; sourceTree = "<group>"; };
		464057D620D2A966009240FC /* BoardModel.swift */ = {isa = PBXFileReference; lastKnownFileType = sourcecode.swift; path = BoardModel.swift; sourceTree = "<group>"; };
		464057D820D2A978009240FC /* BoardInfoModel.swift */ = {isa = PBXFileReference; lastKnownFileType = sourcecode.swift; path = BoardInfoModel.swift; sourceTree = "<group>"; };
		940279A220D3BC7000578F08 /* BoardGBRankViewController.swift */ = {isa = PBXFileReference; lastKnownFileType = sourcecode.swift; path = BoardGBRankViewController.swift; sourceTree = "<group>"; };
		940279A420D3BC7E00578F08 /* BoardProductMixViewController.swift */ = {isa = PBXFileReference; lastKnownFileType = sourcecode.swift; path = BoardProductMixViewController.swift; sourceTree = "<group>"; };
		9442B58820D365BA006DA2A3 /* BoardTableViewCell.swift */ = {isa = PBXFileReference; lastKnownFileType = sourcecode.swift; path = BoardTableViewCell.swift; sourceTree = "<group>"; };
		9442B58A20D3ADA2006DA2A3 /* BoardSwitchOrganViewController.swift */ = {isa = PBXFileReference; lastKnownFileType = sourcecode.swift; path = BoardSwitchOrganViewController.swift; sourceTree = "<group>"; };
/* End PBXFileReference section */

/* Begin PBXFrameworksBuildPhase section */
		462943E920D151610098D1F9 /* Frameworks */ = {
			isa = PBXFrameworksBuildPhase;
			buildActionMask = 2147483647;
			files = (
				A3D06DC46FE8B678E134ACDA /* Pods_BoardModule.framework in Frameworks */,
			);
			runOnlyForDeploymentPostprocessing = 0;
		};
/* End PBXFrameworksBuildPhase section */

/* Begin PBXGroup section */
		3BCA59E7BCA3FD31A27C0BD9 /* Frameworks */ = {
			isa = PBXGroup;
			children = (
				051978ED39765F771C04BC1F /* Pods_BoardModule.framework */,
			);
			name = Frameworks;
			sourceTree = "<group>";
		};
		462943E320D151610098D1F9 = {
			isa = PBXGroup;
			children = (
				462943EE20D151610098D1F9 /* BoardModule */,
				462943ED20D151610098D1F9 /* Products */,
				B4137065F83128771A1BD615 /* Pods */,
				3BCA59E7BCA3FD31A27C0BD9 /* Frameworks */,
			);
			sourceTree = "<group>";
		};
		462943ED20D151610098D1F9 /* Products */ = {
			isa = PBXGroup;
			children = (
				462943EC20D151610098D1F9 /* BoardModule.app */,
			);
			name = Products;
			sourceTree = "<group>";
		};
		462943EE20D151610098D1F9 /* BoardModule */ = {
			isa = PBXGroup;
			children = (
				9442B58720D365A6006DA2A3 /* Views */,
				464057D320D29014009240FC /* UIResources */,
				464057CD20D28E20009240FC /* Models */,
				4629440820D1519A0098D1F9 /* Tools */,
				4629440320D151970098D1F9 /* ViewControllers */,
				462943EF20D151610098D1F9 /* AppDelegate.swift */,
				462943F320D151610098D1F9 /* Main.storyboard */,
				462943F620D151610098D1F9 /* Assets.xcassets */,
				462943F820D151610098D1F9 /* LaunchScreen.storyboard */,
				462943FB20D151610098D1F9 /* Info.plist */,
			);
			path = BoardModule;
			sourceTree = "<group>";
		};
		4629440320D151970098D1F9 /* ViewControllers */ = {
			isa = PBXGroup;
			children = (
				4629440420D151970098D1F9 /* OABoardViewController.swift */,
				940279A220D3BC7000578F08 /* BoardGBRankViewController.swift */,
				940279A420D3BC7E00578F08 /* BoardProductMixViewController.swift */,
				9442B58A20D3ADA2006DA2A3 /* BoardSwitchOrganViewController.swift */,
				4629440520D151970098D1F9 /* ViewController.swift */,
			);
			path = ViewControllers;
			sourceTree = "<group>";
		};
		4629440820D1519A0098D1F9 /* Tools */ = {
			isa = PBXGroup;
			children = (
				4629440920D1519A0098D1F9 /* RequestTool.swift */,
				464057D120D28E3C009240FC /* DefineTool.swift */,
			);
			path = Tools;
			sourceTree = "<group>";
		};
		464057CD20D28E20009240FC /* Models */ = {
			isa = PBXGroup;
			children = (
				464057CE20D28E20009240FC /* OABoardBranchInfoManager.swift */,
				464057D620D2A966009240FC /* BoardModel.swift */,
				464057D820D2A978009240FC /* BoardInfoModel.swift */,
			);
			path = Models;
			sourceTree = "<group>";
		};
		464057D320D29014009240FC /* UIResources */ = {
			isa = PBXGroup;
			children = (
				464057D420D29014009240FC /* BoardUI.bundle */,
			);
			path = UIResources;
			sourceTree = "<group>";
		};
		9442B58720D365A6006DA2A3 /* Views */ = {
			isa = PBXGroup;
			children = (
				9442B58820D365BA006DA2A3 /* BoardTableViewCell.swift */,
			);
			path = Views;
			sourceTree = "<group>";
		};
		B4137065F83128771A1BD615 /* Pods */ = {
			isa = PBXGroup;
			children = (
				35D1EFA149325E5D7555FA2B /* Pods-BoardModule.debug.xcconfig */,
				11C52AB52AE62377253E06E0 /* Pods-BoardModule.release.xcconfig */,
			);
			name = Pods;
			sourceTree = "<group>";
		};
/* End PBXGroup section */

/* Begin PBXNativeTarget section */
		462943EB20D151610098D1F9 /* BoardModule */ = {
			isa = PBXNativeTarget;
			buildConfigurationList = 462943FE20D151610098D1F9 /* Build configuration list for PBXNativeTarget "BoardModule" */;
			buildPhases = (
				41DF78C21A6F5EEF2A76332A /* [CP] Check Pods Manifest.lock */,
				462943E820D151610098D1F9 /* Sources */,
				462943E920D151610098D1F9 /* Frameworks */,
				462943EA20D151610098D1F9 /* Resources */,
				D7352FECEDB67F5BA08E2E3B /* [CP] Embed Pods Frameworks */,
			);
			buildRules = (
			);
			dependencies = (
			);
			name = BoardModule;
			productName = BoardModule;
			productReference = 462943EC20D151610098D1F9 /* BoardModule.app */;
			productType = "com.apple.product-type.application";
		};
/* End PBXNativeTarget section */

/* Begin PBXProject section */
		462943E420D151610098D1F9 /* Project object */ = {
			isa = PBXProject;
			attributes = {
				LastSwiftUpdateCheck = 0910;
				LastUpgradeCheck = 0910;
				ORGANIZATIONNAME = "乐哥";
				TargetAttributes = {
					462943EB20D151610098D1F9 = {
						CreatedOnToolsVersion = 9.1;
						ProvisioningStyle = Automatic;
					};
				};
			};
			buildConfigurationList = 462943E720D151610098D1F9 /* Build configuration list for PBXProject "BoardModule" */;
			compatibilityVersion = "Xcode 8.0";
			developmentRegion = en;
			hasScannedForEncodings = 0;
			knownRegions = (
				en,
				Base,
			);
			mainGroup = 462943E320D151610098D1F9;
			productRefGroup = 462943ED20D151610098D1F9 /* Products */;
			projectDirPath = "";
			projectRoot = "";
			targets = (
				462943EB20D151610098D1F9 /* BoardModule */,
			);
		};
/* End PBXProject section */

/* Begin PBXResourcesBuildPhase section */
		462943EA20D151610098D1F9 /* Resources */ = {
			isa = PBXResourcesBuildPhase;
			buildActionMask = 2147483647;
			files = (
				464057D520D29014009240FC /* BoardUI.bundle in Resources */,
				462943FA20D151610098D1F9 /* LaunchScreen.storyboard in Resources */,
				462943F720D151610098D1F9 /* Assets.xcassets in Resources */,
				462943F520D151610098D1F9 /* Main.storyboard in Resources */,
			);
			runOnlyForDeploymentPostprocessing = 0;
		};
/* End PBXResourcesBuildPhase section */

/* Begin PBXShellScriptBuildPhase section */
		41DF78C21A6F5EEF2A76332A /* [CP] Check Pods Manifest.lock */ = {
			isa = PBXShellScriptBuildPhase;
			buildActionMask = 2147483647;
			files = (
			);
			inputPaths = (
				"${PODS_PODFILE_DIR_PATH}/Podfile.lock",
				"${PODS_ROOT}/Manifest.lock",
			);
			name = "[CP] Check Pods Manifest.lock";
			outputPaths = (
				"$(DERIVED_FILE_DIR)/Pods-BoardModule-checkManifestLockResult.txt",
			);
			runOnlyForDeploymentPostprocessing = 0;
			shellPath = /bin/sh;
			shellScript = "diff \"${PODS_PODFILE_DIR_PATH}/Podfile.lock\" \"${PODS_ROOT}/Manifest.lock\" > /dev/null\nif [ $? != 0 ] ; then\n    # print error to STDERR\n    echo \"error: The sandbox is not in sync with the Podfile.lock. Run 'pod install' or update your CocoaPods installation.\" >&2\n    exit 1\nfi\n# This output is used by Xcode 'outputs' to avoid re-running this script phase.\necho \"SUCCESS\" > \"${SCRIPT_OUTPUT_FILE_0}\"\n";
			showEnvVarsInLog = 0;
		};
		D7352FECEDB67F5BA08E2E3B /* [CP] Embed Pods Frameworks */ = {
			isa = PBXShellScriptBuildPhase;
			buildActionMask = 2147483647;
			files = (
			);
			inputPaths = (
				"${SRCROOT}/Pods/Target Support Files/Pods-BoardModule/Pods-BoardModule-frameworks.sh",
				"${BUILT_PRODUCTS_DIR}/Alamofire/Alamofire.framework",
				"${BUILT_PRODUCTS_DIR}/Kingfisher/Kingfisher.framework",
				"${BUILT_PRODUCTS_DIR}/MBProgressHUD/MBProgressHUD.framework",
				"${BUILT_PRODUCTS_DIR}/MJExtension/MJExtension.framework",
				"${BUILT_PRODUCTS_DIR}/MJRefresh/MJRefresh.framework",
				"${BUILT_PRODUCTS_DIR}/SwiftyJSON/SwiftyJSON.framework",
			);
			name = "[CP] Embed Pods Frameworks";
			outputPaths = (
				"${TARGET_BUILD_DIR}/${FRAMEWORKS_FOLDER_PATH}/Alamofire.framework",
				"${TARGET_BUILD_DIR}/${FRAMEWORKS_FOLDER_PATH}/Kingfisher.framework",
				"${TARGET_BUILD_DIR}/${FRAMEWORKS_FOLDER_PATH}/MBProgressHUD.framework",
				"${TARGET_BUILD_DIR}/${FRAMEWORKS_FOLDER_PATH}/MJExtension.framework",
				"${TARGET_BUILD_DIR}/${FRAMEWORKS_FOLDER_PATH}/MJRefresh.framework",
				"${TARGET_BUILD_DIR}/${FRAMEWORKS_FOLDER_PATH}/SwiftyJSON.framework",
			);
			runOnlyForDeploymentPostprocessing = 0;
			shellPath = /bin/sh;
			shellScript = "\"${SRCROOT}/Pods/Target Support Files/Pods-BoardModule/Pods-BoardModule-frameworks.sh\"\n";
			showEnvVarsInLog = 0;
		};
/* End PBXShellScriptBuildPhase section */

/* Begin PBXSourcesBuildPhase section */
		462943E820D151610098D1F9 /* Sources */ = {
			isa = PBXSourcesBuildPhase;
			buildActionMask = 2147483647;
			files = (
				464057D220D28E3C009240FC /* DefineTool.swift in Sources */,
				464057D720D2A966009240FC /* BoardModel.swift in Sources */,
				4629440A20D1519A0098D1F9 /* RequestTool.swift in Sources */,
				462943F020D151610098D1F9 /* AppDelegate.swift in Sources */,
				9442B58920D365BA006DA2A3 /* BoardTableViewCell.swift in Sources */,
				464057D920D2A978009240FC /* BoardInfoModel.swift in Sources */,
				4629440720D151970098D1F9 /* ViewController.swift in Sources */,
				940279A320D3BC7000578F08 /* BoardGBRankViewController.swift in Sources */,
				940279A520D3BC7E00578F08 /* BoardProductMixViewController.swift in Sources */,
				4629440620D151970098D1F9 /* OABoardViewController.swift in Sources */,
				464057CF20D28E20009240FC /* OABoardBranchInfoManager.swift in Sources */,
				9442B58B20D3ADA2006DA2A3 /* BoardSwitchOrganViewController.swift in Sources */,
			);
			runOnlyForDeploymentPostprocessing = 0;
		};
/* End PBXSourcesBuildPhase section */

/* Begin PBXVariantGroup section */
		462943F320D151610098D1F9 /* Main.storyboard */ = {
			isa = PBXVariantGroup;
			children = (
				462943F420D151610098D1F9 /* Base */,
			);
			name = Main.storyboard;
			sourceTree = "<group>";
		};
		462943F820D151610098D1F9 /* LaunchScreen.storyboard */ = {
			isa = PBXVariantGroup;
			children = (
				462943F920D151610098D1F9 /* Base */,
			);
			name = LaunchScreen.storyboard;
			sourceTree = "<group>";
		};
/* End PBXVariantGroup section */

/* Begin XCBuildConfiguration section */
		462943FC20D151610098D1F9 /* Debug */ = {
			isa = XCBuildConfiguration;
			buildSettings = {
				ALWAYS_SEARCH_USER_PATHS = NO;
				CLANG_ANALYZER_NONNULL = YES;
				CLANG_ANALYZER_NUMBER_OBJECT_CONVERSION = YES_AGGRESSIVE;
				CLANG_CXX_LANGUAGE_STANDARD = "gnu++14";
				CLANG_CXX_LIBRARY = "libc++";
				CLANG_ENABLE_MODULES = YES;
				CLANG_ENABLE_OBJC_ARC = YES;
				CLANG_WARN_BLOCK_CAPTURE_AUTORELEASING = YES;
				CLANG_WARN_BOOL_CONVERSION = YES;
				CLANG_WARN_COMMA = YES;
				CLANG_WARN_CONSTANT_CONVERSION = YES;
				CLANG_WARN_DIRECT_OBJC_ISA_USAGE = YES_ERROR;
				CLANG_WARN_DOCUMENTATION_COMMENTS = YES;
				CLANG_WARN_EMPTY_BODY = YES;
				CLANG_WARN_ENUM_CONVERSION = YES;
				CLANG_WARN_INFINITE_RECURSION = YES;
				CLANG_WARN_INT_CONVERSION = YES;
				CLANG_WARN_NON_LITERAL_NULL_CONVERSION = YES;
				CLANG_WARN_OBJC_LITERAL_CONVERSION = YES;
				CLANG_WARN_OBJC_ROOT_CLASS = YES_ERROR;
				CLANG_WARN_RANGE_LOOP_ANALYSIS = YES;
				CLANG_WARN_STRICT_PROTOTYPES = YES;
				CLANG_WARN_SUSPICIOUS_MOVE = YES;
				CLANG_WARN_UNGUARDED_AVAILABILITY = YES_AGGRESSIVE;
				CLANG_WARN_UNREACHABLE_CODE = YES;
				CLANG_WARN__DUPLICATE_METHOD_MATCH = YES;
				CODE_SIGN_IDENTITY = "iPhone Developer";
				COPY_PHASE_STRIP = NO;
				DEBUG_INFORMATION_FORMAT = dwarf;
				ENABLE_STRICT_OBJC_MSGSEND = YES;
				ENABLE_TESTABILITY = YES;
				GCC_C_LANGUAGE_STANDARD = gnu11;
				GCC_DYNAMIC_NO_PIC = NO;
				GCC_NO_COMMON_BLOCKS = YES;
				GCC_OPTIMIZATION_LEVEL = 0;
				GCC_PREPROCESSOR_DEFINITIONS = (
					"DEBUG=1",
					"$(inherited)",
				);
				GCC_WARN_64_TO_32_BIT_CONVERSION = YES;
				GCC_WARN_ABOUT_RETURN_TYPE = YES_ERROR;
				GCC_WARN_UNDECLARED_SELECTOR = YES;
				GCC_WARN_UNINITIALIZED_AUTOS = YES_AGGRESSIVE;
				GCC_WARN_UNUSED_FUNCTION = YES;
				GCC_WARN_UNUSED_VARIABLE = YES;
				IPHONEOS_DEPLOYMENT_TARGET = 11.1;
				MTL_ENABLE_DEBUG_INFO = YES;
				ONLY_ACTIVE_ARCH = YES;
				SDKROOT = iphoneos;
				SWIFT_ACTIVE_COMPILATION_CONDITIONS = DEBUG;
				SWIFT_OPTIMIZATION_LEVEL = "-Onone";
			};
			name = Debug;
		};
		462943FD20D151610098D1F9 /* Release */ = {
			isa = XCBuildConfiguration;
			buildSettings = {
				ALWAYS_SEARCH_USER_PATHS = NO;
				CLANG_ANALYZER_NONNULL = YES;
				CLANG_ANALYZER_NUMBER_OBJECT_CONVERSION = YES_AGGRESSIVE;
				CLANG_CXX_LANGUAGE_STANDARD = "gnu++14";
				CLANG_CXX_LIBRARY = "libc++";
				CLANG_ENABLE_MODULES = YES;
				CLANG_ENABLE_OBJC_ARC = YES;
				CLANG_WARN_BLOCK_CAPTURE_AUTORELEASING = YES;
				CLANG_WARN_BOOL_CONVERSION = YES;
				CLANG_WARN_COMMA = YES;
				CLANG_WARN_CONSTANT_CONVERSION = YES;
				CLANG_WARN_DIRECT_OBJC_ISA_USAGE = YES_ERROR;
				CLANG_WARN_DOCUMENTATION_COMMENTS = YES;
				CLANG_WARN_EMPTY_BODY = YES;
				CLANG_WARN_ENUM_CONVERSION = YES;
				CLANG_WARN_INFINITE_RECURSION = YES;
				CLANG_WARN_INT_CONVERSION = YES;
				CLANG_WARN_NON_LITERAL_NULL_CONVERSION = YES;
				CLANG_WARN_OBJC_LITERAL_CONVERSION = YES;
				CLANG_WARN_OBJC_ROOT_CLASS = YES_ERROR;
				CLANG_WARN_RANGE_LOOP_ANALYSIS = YES;
				CLANG_WARN_STRICT_PROTOTYPES = YES;
				CLANG_WARN_SUSPICIOUS_MOVE = YES;
				CLANG_WARN_UNGUARDED_AVAILABILITY = YES_AGGRESSIVE;
				CLANG_WARN_UNREACHABLE_CODE = YES;
				CLANG_WARN__DUPLICATE_METHOD_MATCH = YES;
				CODE_SIGN_IDENTITY = "iPhone Developer";
				COPY_PHASE_STRIP = NO;
				DEBUG_INFORMATION_FORMAT = "dwarf-with-dsym";
				ENABLE_NS_ASSERTIONS = NO;
				ENABLE_STRICT_OBJC_MSGSEND = YES;
				GCC_C_LANGUAGE_STANDARD = gnu11;
				GCC_NO_COMMON_BLOCKS = YES;
				GCC_WARN_64_TO_32_BIT_CONVERSION = YES;
				GCC_WARN_ABOUT_RETURN_TYPE = YES_ERROR;
				GCC_WARN_UNDECLARED_SELECTOR = YES;
				GCC_WARN_UNINITIALIZED_AUTOS = YES_AGGRESSIVE;
				GCC_WARN_UNUSED_FUNCTION = YES;
				GCC_WARN_UNUSED_VARIABLE = YES;
				IPHONEOS_DEPLOYMENT_TARGET = 11.1;
				MTL_ENABLE_DEBUG_INFO = NO;
				SDKROOT = iphoneos;
				SWIFT_OPTIMIZATION_LEVEL = "-Owholemodule";
				VALIDATE_PRODUCT = YES;
			};
			name = Release;
		};
		462943FF20D151610098D1F9 /* Debug */ = {
			isa = XCBuildConfiguration;
			baseConfigurationReference = 35D1EFA149325E5D7555FA2B /* Pods-BoardModule.debug.xcconfig */;
			buildSettings = {
				ASSETCATALOG_COMPILER_APPICON_NAME = AppIcon;
				"CODE_SIGN_IDENTITY[sdk=iphoneos*]" = "iPhone Developer";
				CODE_SIGN_STYLE = Automatic;
				DEVELOPMENT_TEAM = DZY63VG7NR;
				INFOPLIST_FILE = BoardModule/Info.plist;
				IPHONEOS_DEPLOYMENT_TARGET = 11.0;
				LD_RUNPATH_SEARCH_PATHS = "$(inherited) @executable_path/Frameworks";
				PRODUCT_BUNDLE_IDENTIFIER = com.le.BoardModule;
				PRODUCT_NAME = "$(TARGET_NAME)";
				PROVISIONING_PROFILE_SPECIFIER = "";
				SWIFT_VERSION = 4.0;
				TARGETED_DEVICE_FAMILY = "1,2";
			};
			name = Debug;
		};
		4629440020D151610098D1F9 /* Release */ = {
			isa = XCBuildConfiguration;
			baseConfigurationReference = 11C52AB52AE62377253E06E0 /* Pods-BoardModule.release.xcconfig */;
			buildSettings = {
				ASSETCATALOG_COMPILER_APPICON_NAME = AppIcon;
				"CODE_SIGN_IDENTITY[sdk=iphoneos*]" = "iPhone Developer";
				CODE_SIGN_STYLE = Automatic;
				DEVELOPMENT_TEAM = DZY63VG7NR;
				INFOPLIST_FILE = BoardModule/Info.plist;
				IPHONEOS_DEPLOYMENT_TARGET = 11.0;
				LD_RUNPATH_SEARCH_PATHS = "$(inherited) @executable_path/Frameworks";
				PRODUCT_BUNDLE_IDENTIFIER = com.le.BoardModule;
				PRODUCT_NAME = "$(TARGET_NAME)";
				PROVISIONING_PROFILE_SPECIFIER = "";
				SWIFT_VERSION = 4.0;
				TARGETED_DEVICE_FAMILY = "1,2";
			};
			name = Release;
		};
/* End XCBuildConfiguration section */

/* Begin XCConfigurationList section */
		462943E720D151610098D1F9 /* Build configuration list for PBXProject "BoardModule" */ = {
			isa = XCConfigurationList;
			buildConfigurations = (
				462943FC20D151610098D1F9 /* Debug */,
				462943FD20D151610098D1F9 /* Release */,
			);
			defaultConfigurationIsVisible = 0;
			defaultConfigurationName = Release;
		};
		462943FE20D151610098D1F9 /* Build configuration list for PBXNativeTarget "BoardModule" */ = {
			isa = XCConfigurationList;
			buildConfigurations = (
				462943FF20D151610098D1F9 /* Debug */,
				4629440020D151610098D1F9 /* Release */,
			);
			defaultConfigurationIsVisible = 0;
			defaultConfigurationName = Release;
		};
/* End XCConfigurationList section */
	};
	rootObject = 462943E420D151610098D1F9 /* Project object */;
}
